
Microsoft Visual Studio Solution File, Format Version 12.00
# Visual Studio Version 17
VisualStudioVersion = 17.14.36202.13 d17.14
MinimumVisualStudioVersion = 10.0.40219.1
Project("{FAE04EC0-301F-11D3-BF4B-00C04F79EFBC}") = "TimestampHelper.Tests", "TimestampHelper.Tests\TimestampHelper.Tests.csproj", "{BF80C299-81FE-4236-BDB7-8A35799D30C4}"
EndProject
Global
	GlobalSection(SolutionConfigurationPlatforms) = preSolution
		Debug|Any CPU = Debug|Any CPU
		Release|Any CPU = Release|Any CPU
	EndGlobalSection
	GlobalSection(ProjectConfigurationPlatforms) = postSolution
		{BF80C299-81FE-4236-BDB7-8A35799D30C4}.Debug|Any CPU.ActiveCfg = Debug|Any CPU
		{BF80C299-81FE-4236-BDB7-8A35799D30C4}.Debug|Any CPU.Build.0 = Debug|Any CPU
		{BF80C299-81FE-4236-BDB7-8A35799D30C4}.Release|Any CPU.ActiveCfg = Release|Any CPU
		{BF80C299-81FE-4236-BDB7-8A35799D30C4}.Release|Any CPU.Build.0 = Release|Any CPU
	EndGlobalSection
	GlobalSection(SolutionProperties) = preSolution
		HideSolutionNode = FALSE
	EndGlobalSection
	GlobalSection(ExtensibilityGlobals) = postSolution
		SolutionGuid = {9D9A5D05-D895-47BA-B835-428330BFB125}
	EndGlobalSection
EndGlobal
